
Microsoft Visual Studio Solution File, Format Version 12.00
# Visual Studio Version 17
VisualStudioVersion = 17.0.32014.148
MinimumVisualStudioVersion = 10.0.40219.1
Project("{FAE04EC0-301F-11D3-BF4B-00C04F79EFBC}") = "Logical operators", "Logical operators\Logical operators.csproj", "{72D93948-BF3D-4653-9499-1DD64DD12FCD}"
EndProject
Global
	GlobalSection(SolutionConfigurationPlatforms) = preSolution
		Debug|Any CPU = Debug|Any CPU
		Release|Any CPU = Release|Any CPU
	EndGlobalSection
	GlobalSection(ProjectConfigurationPlatforms) = postSolution
		{72D93948-BF3D-4653-9499-1DD64DD12FCD}.Debug|Any CPU.ActiveCfg = Debug|Any CPU
		{72D93948-BF3D-4653-9499-1DD64DD12FCD}.Debug|Any CPU.Build.0 = Debug|Any CPU
		{72D93948-BF3D-4653-9499-1DD64DD12FCD}.Release|Any CPU.ActiveCfg = Release|Any CPU
		{72D93948-BF3D-4653-9499-1DD64DD12FCD}.Release|Any CPU.Build.0 = Release|Any CPU
	EndGlobalSection
	GlobalSection(SolutionProperties) = preSolution
		HideSolutionNode = FALSE
	EndGlobalSection
	GlobalSection(ExtensibilityGlobals) = postSolution
		SolutionGuid = {801FDE69-1841-4A7A-BB77-8607752143E2}
	EndGlobalSection
EndGlobal
