
Microsoft Visual Studio Solution File, Format Version 12.00
# Visual Studio Version 17
VisualStudioVersion = 17.0.32014.148
MinimumVisualStudioVersion = 10.0.40219.1
Project("{FAE04EC0-301F-11D3-BF4B-00C04F79EFBC}") = "Simple if else", "Simple if else\Simple if else.csproj", "{28FE0ADE-2CA3-433E-BF78-77264E276E8D}"
EndProject
Global
	GlobalSection(SolutionConfigurationPlatforms) = preSolution
		Debug|Any CPU = Debug|Any CPU
		Release|Any CPU = Release|Any CPU
	EndGlobalSection
	GlobalSection(ProjectConfigurationPlatforms) = postSolution
		{28FE0ADE-2CA3-433E-BF78-77264E276E8D}.Debug|Any CPU.ActiveCfg = Debug|Any CPU
		{28FE0ADE-2CA3-433E-BF78-77264E276E8D}.Debug|Any CPU.Build.0 = Debug|Any CPU
		{28FE0ADE-2CA3-433E-BF78-77264E276E8D}.Release|Any CPU.ActiveCfg = Release|Any CPU
		{28FE0ADE-2CA3-433E-BF78-77264E276E8D}.Release|Any CPU.Build.0 = Release|Any CPU
	EndGlobalSection
	GlobalSection(SolutionProperties) = preSolution
		HideSolutionNode = FALSE
	EndGlobalSection
	GlobalSection(ExtensibilityGlobals) = postSolution
		SolutionGuid = {5B7FC4B1-8E2B-4466-AA8F-02E4143AB0B5}
	EndGlobalSection
EndGlobal
